
Microsoft Visual Studio Solution File, Format Version 12.00
# Visual Studio Version 16
VisualStudioVersion = 16.0.29709.97
MinimumVisualStudioVersion = 10.0.40219.1
Project("{9A19103F-16F7-4668-BE54-9A1E7A4F7556}") = "Serverless.Function.Middleware", "Serverless.Function.Middleware\Serverless.Function.Middleware.csproj", "{2837586A-934A-4B1D-AF79-A16C97518EF9}"
EndProject
Project("{9A19103F-16F7-4668-BE54-9A1E7A4F7556}") = "Serverless.Function.Middleware.Tests", "Serverless.Function.Middlware.Tests\Serverless.Function.Middleware.Tests.csproj", "{78607E0D-8594-4AD1-AA7D-E351BEEE3067}"
EndProject
Project("{9A19103F-16F7-4668-BE54-9A1E7A4F7556}") = "SampleAzureFunction", "SampleAzureFunction\SampleAzureFunction.csproj", "{C9305372-57C5-49BD-A7C4-2C21298A6EBE}"
EndProject
Global
	GlobalSection(SolutionConfigurationPlatforms) = preSolution
		Debug|Any CPU = Debug|Any CPU
		Release|Any CPU = Release|Any CPU
	EndGlobalSection
	GlobalSection(ProjectConfigurationPlatforms) = postSolution
		{2837586A-934A-4B1D-AF79-A16C97518EF9}.Debug|Any CPU.ActiveCfg = Debug|Any CPU
		{2837586A-934A-4B1D-AF79-A16C97518EF9}.Debug|Any CPU.Build.0 = Debug|Any CPU
		{2837586A-934A-4B1D-AF79-A16C97518EF9}.Release|Any CPU.ActiveCfg = Release|Any CPU
		{2837586A-934A-4B1D-AF79-A16C97518EF9}.Release|Any CPU.Build.0 = Release|Any CPU
		{78607E0D-8594-4AD1-AA7D-E351BEEE3067}.Debug|Any CPU.ActiveCfg = Debug|Any CPU
		{78607E0D-8594-4AD1-AA7D-E351BEEE3067}.Debug|Any CPU.Build.0 = Debug|Any CPU
		{78607E0D-8594-4AD1-AA7D-E351BEEE3067}.Release|Any CPU.ActiveCfg = Release|Any CPU
		{78607E0D-8594-4AD1-AA7D-E351BEEE3067}.Release|Any CPU.Build.0 = Release|Any CPU
		{C9305372-57C5-49BD-A7C4-2C21298A6EBE}.Debug|Any CPU.ActiveCfg = Debug|Any CPU
		{C9305372-57C5-49BD-A7C4-2C21298A6EBE}.Debug|Any CPU.Build.0 = Debug|Any CPU
		{C9305372-57C5-49BD-A7C4-2C21298A6EBE}.Release|Any CPU.ActiveCfg = Release|Any CPU
		{C9305372-57C5-49BD-A7C4-2C21298A6EBE}.Release|Any CPU.Build.0 = Release|Any CPU
	EndGlobalSection
	GlobalSection(SolutionProperties) = preSolution
		HideSolutionNode = FALSE
	EndGlobalSection
	GlobalSection(ExtensibilityGlobals) = postSolution
		SolutionGuid = {12FCAE15-14BE-4FFC-8AC5-D81A6AFB3632}
	EndGlobalSection
EndGlobal
